// !$*UTF8*$!
{
	archiveVersion = 1;
	classes = {
	};
	objectVersion = 50;
	objects = {

/* Begin PBXBuildFile section */
		F8014B7222DDC5890066D493 /* AppDelegate.swift in Sources */ = {isa = PBXBuildFile; fileRef = F8014B7122DDC5890066D493 /* AppDelegate.swift */; };
		F8014B7422DDC5890066D493 /* ViewController.swift in Sources */ = {isa = PBXBuildFile; fileRef = F8014B7322DDC5890066D493 /* ViewController.swift */; };
		F8014B7722DDC5890066D493 /* Main.storyboard in Resources */ = {isa = PBXBuildFile; fileRef = F8014B7522DDC5890066D493 /* Main.storyboard */; };
		F8014B7922DDC58B0066D493 /* Assets.xcassets in Resources */ = {isa = PBXBuildFile; fileRef = F8014B7822DDC58B0066D493 /* Assets.xcassets */; };
		F8014B7C22DDC58B0066D493 /* LaunchScreen.storyboard in Resources */ = {isa = PBXBuildFile; fileRef = F8014B7A22DDC58B0066D493 /* LaunchScreen.storyboard */; };
		F8014B8722DDC58B0066D493 /* TodoListTests.swift in Sources */ = {isa = PBXBuildFile; fileRef = F8014B8622DDC58B0066D493 /* TodoListTests.swift */; };
		F8014B9222DDC58B0066D493 /* TodoListUITests.swift in Sources */ = {isa = PBXBuildFile; fileRef = F8014B9122DDC58B0066D493 /* TodoListUITests.swift */; };
/* End PBXBuildFile section */

/* Begin PBXContainerItemProxy section */
		F8014B8322DDC58B0066D493 /* PBXContainerItemProxy */ = {
			isa = PBXContainerItemProxy;
			containerPortal = F8014B6622DDC5890066D493 /* Project object */;
			proxyType = 1;
			remoteGlobalIDString = F8014B6D22DDC5890066D493;
			remoteInfo = TodoList;
		};
		F8014B8E22DDC58B0066D493 /* PBXContainerItemProxy */ = {
			isa = PBXContainerItemProxy;
			containerPortal = F8014B6622DDC5890066D493 /* Project object */;
			proxyType = 1;
			remoteGlobalIDString = F8014B6D22DDC5890066D493;
			remoteInfo = TodoList;
		};
/* End PBXContainerItemProxy section */

/* Begin PBXFileReference section */
		F8014B6E22DDC5890066D493 /* TodoList.app */ = {isa = PBXFileReference; explicitFileType = wrapper.application; includeInIndex = 0; path = TodoList.app; sourceTree = BUILT_PRODUCTS_DIR; };
		F8014B7122DDC5890066D493 /* AppDelegate.swift */ = {isa = PBXFileReference; lastKnownFileType = sourcecode.swift; path = AppDelegate.swift; sourceTree = "<group>"; };
		F8014B7322DDC5890066D493 /* ViewController.swift */ = {isa = PBXFileReference; lastKnownFileType = sourcecode.swift; path = ViewController.swift; sourceTree = "<group>"; };
		F8014B7622DDC5890066D493 /* Base */ = {isa = PBXFileReference; lastKnownFileType = file.storyboard; name = Base; path = Base.lproj/Main.storyboard; sourceTree = "<group>"; };
		F8014B7822DDC58B0066D493 /* Assets.xcassets */ = {isa = PBXFileReference; lastKnownFileType = folder.assetcatalog; path = Assets.xcassets; sourceTree = "<group>"; };
		F8014B7B22DDC58B0066D493 /* Base */ = {isa = PBXFileReference; lastKnownFileType = file.storyboard; name = Base; path = Base.lproj/LaunchScreen.storyboard; sourceTree = "<group>"; };
		F8014B7D22DDC58B0066D493 /* Info.plist */ = {isa = PBXFileReference; lastKnownFileType = text.plist.xml; path = Info.plist; sourceTree = "<group>"; };
		F8014B8222DDC58B0066D493 /* TodoListTests.xctest */ = {isa = PBXFileReference; explicitFileType = wrapper.cfbundle; includeInIndex = 0; path = TodoListTests.xctest; sourceTree = BUILT_PRODUCTS_DIR; };
		F8014B8622DDC58B0066D493 /* TodoListTests.swift */ = {isa = PBXFileReference; lastKnownFileType = sourcecode.swift; path = TodoListTests.swift; sourceTree = "<group>"; };
		F8014B8822DDC58B0066D493 /* Info.plist */ = {isa = PBXFileReference; lastKnownFileType = text.plist.xml; path = Info.plist; sourceTree = "<group>"; };
		F8014B8D22DDC58B0066D493 /* TodoListUITests.xctest */ = {isa = PBXFileReference; explicitFileType = wrapper.cfbundle; includeInIndex = 0; path = TodoListUITests.xctest; sourceTree = BUILT_PRODUCTS_DIR; };
		F8014B9122DDC58B0066D493 /* TodoListUITests.swift */ = {isa = PBXFileReference; lastKnownFileType = sourcecode.swift; path = TodoListUITests.swift; sourceTree = "<group>"; };
		F8014B9322DDC58B0066D493 /* Info.plist */ = {isa = PBXFileReference; lastKnownFileType = text.plist.xml; path = Info.plist; sourceTree = "<group>"; };
/* End PBXFileReference section */

/* Begin PBXFrameworksBuildPhase section */
		F8014B6B22DDC5890066D493 /* Frameworks */ = {
			isa = PBXFrameworksBuildPhase;
			buildActionMask = 2147483647;
			files = (
			);
			runOnlyForDeploymentPostprocessing = 0;
		};
		F8014B7F22DDC58B0066D493 /* Frameworks */ = {
			isa = PBXFrameworksBuildPhase;
			buildActionMask = 2147483647;
			files = (
			);
			runOnlyForDeploymentPostprocessing = 0;
		};
		F8014B8A22DDC58B0066D493 /* Frameworks */ = {
			isa = PBXFrameworksBuildPhase;
			buildActionMask = 2147483647;
			files = (
			);
			runOnlyForDeploymentPostprocessing = 0;
		};
/* End PBXFrameworksBuildPhase section */

/* Begin PBXGroup section */
		F8014B6522DDC5890066D493 = {
			isa = PBXGroup;
			children = (
				F8014B7022DDC5890066D493 /* TodoList */,
				F8014B8522DDC58B0066D493 /* TodoListTests */,
				F8014B9022DDC58B0066D493 /* TodoListUITests */,
				F8014B6F22DDC5890066D493 /* Products */,
			);
			sourceTree = "<group>";
		};
		F8014B6F22DDC5890066D493 /* Products */ = {
			isa = PBXGroup;
			children = (
				F8014B6E22DDC5890066D493 /* TodoList.app */,
				F8014B8222DDC58B0066D493 /* TodoListTests.xctest */,
				F8014B8D22DDC58B0066D493 /* TodoListUITests.xctest */,
			);
			name = Products;
			sourceTree = "<group>";
		};
		F8014B7022DDC5890066D493 /* TodoList */ = {
			isa = PBXGroup;
			children = (
				F8014B7122DDC5890066D493 /* AppDelegate.swift */,
				F8014B7322DDC5890066D493 /* ViewController.swift */,
				F8014B7522DDC5890066D493 /* Main.storyboard */,
				F8014B7822DDC58B0066D493 /* Assets.xcassets */,
				F8014B7A22DDC58B0066D493 /* LaunchScreen.storyboard */,
				F8014B7D22DDC58B0066D493 /* Info.plist */,
			);
			path = TodoList;
			sourceTree = "<group>";
		};
		F8014B8522DDC58B0066D493 /* TodoListTests */ = {
			isa = PBXGroup;
			children = (
				F8014B8622DDC58B0066D493 /* TodoListTests.swift */,
				F8014B8822DDC58B0066D493 /* Info.plist */,
			);
			path = TodoListTests;
			sourceTree = "<group>";
		};
		F8014B9022DDC58B0066D493 /* TodoListUITests */ = {
			isa = PBXGroup;
			children = (
				F8014B9122DDC58B0066D493 /* TodoListUITests.swift */,
				F8014B9322DDC58B0066D493 /* Info.plist */,
			);
			path = TodoListUITests;
			sourceTree = "<group>";
		};
/* End PBXGroup section */

/* Begin PBXNativeTarget section */
		F8014B6D22DDC5890066D493 /* TodoList */ = {
			isa = PBXNativeTarget;
			buildConfigurationList = F8014B9622DDC58B0066D493 /* Build configuration list for PBXNativeTarget "TodoList" */;
			buildPhases = (
				F8014B6A22DDC5890066D493 /* Sources */,
				F8014B6B22DDC5890066D493 /* Frameworks */,
				F8014B6C22DDC5890066D493 /* Resources */,
			);
			buildRules = (
			);
			dependencies = (
			);
			name = TodoList;
			productName = TodoList;
			productReference = F8014B6E22DDC5890066D493 /* TodoList.app */;
			productType = "com.apple.product-type.application";
		};
		F8014B8122DDC58B0066D493 /* TodoListTests */ = {
			isa = PBXNativeTarget;
			buildConfigurationList = F8014B9922DDC58B0066D493 /* Build configuration list for PBXNativeTarget "TodoListTests" */;
			buildPhases = (
				F8014B7E22DDC58B0066D493 /* Sources */,
				F8014B7F22DDC58B0066D493 /* Frameworks */,
				F8014B8022DDC58B0066D493 /* Resources */,
			);
			buildRules = (
			);
			dependencies = (
				F8014B8422DDC58B0066D493 /* PBXTargetDependency */,
			);
			name = TodoListTests;
			productName = TodoListTests;
			productReference = F8014B8222DDC58B0066D493 /* TodoListTests.xctest */;
			productType = "com.apple.product-type.bundle.unit-test";
		};
		F8014B8C22DDC58B0066D493 /* TodoListUITests */ = {
			isa = PBXNativeTarget;
			buildConfigurationList = F8014B9C22DDC58B0066D493 /* Build configuration list for PBXNativeTarget "TodoListUITests" */;
			buildPhases = (
				F8014B8922DDC58B0066D493 /* Sources */,
				F8014B8A22DDC58B0066D493 /* Frameworks */,
				F8014B8B22DDC58B0066D493 /* Resources */,
			);
			buildRules = (
			);
			dependencies = (
				F8014B8F22DDC58B0066D493 /* PBXTargetDependency */,
			);
			name = TodoListUITests;
			productName = TodoListUITests;
			productReference = F8014B8D22DDC58B0066D493 /* TodoListUITests.xctest */;
			productType = "com.apple.product-type.bundle.ui-testing";
		};
/* End PBXNativeTarget section */

/* Begin PBXProject section */
		F8014B6622DDC5890066D493 /* Project object */ = {
			isa = PBXProject;
			attributes = {
				LastSwiftUpdateCheck = 1020;
				LastUpgradeCheck = 1020;
				ORGANIZATIONNAME = "Usama Nasar";
				TargetAttributes = {
					F8014B6D22DDC5890066D493 = {
						CreatedOnToolsVersion = 10.2.1;
					};
					F8014B8122DDC58B0066D493 = {
						CreatedOnToolsVersion = 10.2.1;
						TestTargetID = F8014B6D22DDC5890066D493;
					};
					F8014B8C22DDC58B0066D493 = {
						CreatedOnToolsVersion = 10.2.1;
						TestTargetID = F8014B6D22DDC5890066D493;
					};
				};
			};
			buildConfigurationList = F8014B6922DDC5890066D493 /* Build configuration list for PBXProject "TodoList" */;
			compatibilityVersion = "Xcode 9.3";
			developmentRegion = en;
			hasScannedForEncodings = 0;
			knownRegions = (
				en,
				Base,
			);
			mainGroup = F8014B6522DDC5890066D493;
			productRefGroup = F8014B6F22DDC5890066D493 /* Products */;
			projectDirPath = "";
			projectRoot = "";
			targets = (
				F8014B6D22DDC5890066D493 /* TodoList */,
				F8014B8122DDC58B0066D493 /* TodoListTests */,
				F8014B8C22DDC58B0066D493 /* TodoListUITests */,
			);
		};
/* End PBXProject section */

/* Begin PBXResourcesBuildPhase section */
		F8014B6C22DDC5890066D493 /* Resources */ = {
			isa = PBXResourcesBuildPhase;
			buildActionMask = 2147483647;
			files = (
				F8014B7C22DDC58B0066D493 /* LaunchScreen.storyboard in Resources */,
				F8014B7922DDC58B0066D493 /* Assets.xcassets in Resources */,
				F8014B7722DDC5890066D493 /* Main.storyboard in Resources */,
			);
			runOnlyForDeploymentPostprocessing = 0;
		};
		F8014B8022DDC58B0066D493 /* Resources */ = {
			isa = PBXResourcesBuildPhase;
			buildActionMask = 2147483647;
			files = (
			);
			runOnlyForDeploymentPostprocessing = 0;
		};
		F8014B8B22DDC58B0066D493 /* Resources */ = {
			isa = PBXResourcesBuildPhase;
			buildActionMask = 2147483647;
			files = (
			);
			runOnlyForDeploymentPostprocessing = 0;
		};
/* End PBXResourcesBuildPhase section */

/* Begin PBXSourcesBuildPhase section */
		F8014B6A22DDC5890066D493 /* Sources */ = {
			isa = PBXSourcesBuildPhase;
			buildActionMask = 2147483647;
			files = (
				F8014B7422DDC5890066D493 /* ViewController.swift in Sources */,
				F8014B7222DDC5890066D493 /* AppDelegate.swift in Sources */,
			);
			runOnlyForDeploymentPostprocessing = 0;
		};
		F8014B7E22DDC58B0066D493 /* Sources */ = {
			isa = PBXSourcesBuildPhase;
			buildActionMask = 2147483647;
			files = (
				F8014B8722DDC58B0066D493 /* TodoListTests.swift in Sources */,
			);
			runOnlyForDeploymentPostprocessing = 0;
		};
		F8014B8922DDC58B0066D493 /* Sources */ = {
			isa = PBXSourcesBuildPhase;
			buildActionMask = 2147483647;
			files = (
				F8014B9222DDC58B0066D493 /* TodoListUITests.swift in Sources */,
			);
			runOnlyForDeploymentPostprocessing = 0;
		};
/* End PBXSourcesBuildPhase section */

/* Begin PBXTargetDependency section */
		F8014B8422DDC58B0066D493 /* PBXTargetDependency */ = {
			isa = PBXTargetDependency;
			target = F8014B6D22DDC5890066D493 /* TodoList */;
			targetProxy = F8014B8322DDC58B0066D493 /* PBXContainerItemProxy */;
		};
		F8014B8F22DDC58B0066D493 /* PBXTargetDependency */ = {
			isa = PBXTargetDependency;
			target = F8014B6D22DDC5890066D493 /* TodoList */;
			targetProxy = F8014B8E22DDC58B0066D493 /* PBXContainerItemProxy */;
		};
/* End PBXTargetDependency section */

/* Begin PBXVariantGroup section */
		F8014B7522DDC5890066D493 /* Main.storyboard */ = {
			isa = PBXVariantGroup;
			children = (
				F8014B7622DDC5890066D493 /* Base */,
			);
			name = Main.storyboard;
			sourceTree = "<group>";
		};
		F8014B7A22DDC58B0066D493 /* LaunchScreen.storyboard */ = {
			isa = PBXVariantGroup;
			children = (
				F8014B7B22DDC58B0066D493 /* Base */,
			);
			name = LaunchScreen.storyboard;
			sourceTree = "<group>";
		};
/* End PBXVariantGroup section */

/* Begin XCBuildConfiguration section */
		F8014B9422DDC58B0066D493 /* Debug */ = {
			isa = XCBuildConfiguration;
			buildSettings = {
				ALWAYS_SEARCH_USER_PATHS = NO;
				CLANG_ANALYZER_NONNULL = YES;
				CLANG_ANALYZER_NUMBER_OBJECT_CONVERSION = YES_AGGRESSIVE;
				CLANG_CXX_LANGUAGE_STANDARD = "gnu++14";
				CLANG_CXX_LIBRARY = "libc++";
				CLANG_ENABLE_MODULES = YES;
				CLANG_ENABLE_OBJC_ARC = YES;
				CLANG_ENABLE_OBJC_WEAK = YES;
				CLANG_WARN_BLOCK_CAPTURE_AUTORELEASING = YES;
				CLANG_WARN_BOOL_CONVERSION = YES;
				CLANG_WARN_COMMA = YES;
				CLANG_WARN_CONSTANT_CONVERSION = YES;
				CLANG_WARN_DEPRECATED_OBJC_IMPLEMENTATIONS = YES;
				CLANG_WARN_DIRECT_OBJC_ISA_USAGE = YES_ERROR;
				CLANG_WARN_DOCUMENTATION_COMMENTS = YES;
				CLANG_WARN_EMPTY_BODY = YES;
				CLANG_WARN_ENUM_CONVERSION = YES;
				CLANG_WARN_INFINITE_RECURSION = YES;
				CLANG_WARN_INT_CONVERSION = YES;
				CLANG_WARN_NON_LITERAL_NULL_CONVERSION = YES;
				CLANG_WARN_OBJC_IMPLICIT_RETAIN_SELF = YES;
				CLANG_WARN_OBJC_LITERAL_CONVERSION = YES;
				CLANG_WARN_OBJC_ROOT_CLASS = YES_ERROR;
				CLANG_WARN_RANGE_LOOP_ANALYSIS = YES;
				CLANG_WARN_STRICT_PROTOTYPES = YES;
				CLANG_WARN_SUSPICIOUS_MOVE = YES;
				CLANG_WARN_UNGUARDED_AVAILABILITY = YES_AGGRESSIVE;
				CLANG_WARN_UNREACHABLE_CODE = YES;
				CLANG_WARN__DUPLICATE_METHOD_MATCH = YES;
				CODE_SIGN_IDENTITY = "iPhone Developer";
				COPY_PHASE_STRIP = NO;
				DEBUG_INFORMATION_FORMAT = dwarf;
				ENABLE_STRICT_OBJC_MSGSEND = YES;
				ENABLE_TESTABILITY = YES;
				GCC_C_LANGUAGE_STANDARD = gnu11;
				GCC_DYNAMIC_NO_PIC = NO;
				GCC_NO_COMMON_BLOCKS = YES;
				GCC_OPTIMIZATION_LEVEL = 0;
				GCC_PREPROCESSOR_DEFINITIONS = (
					"DEBUG=1",
					"$(inherited)",
				);
				GCC_WARN_64_TO_32_BIT_CONVERSION = YES;
				GCC_WARN_ABOUT_RETURN_TYPE = YES_ERROR;
				GCC_WARN_UNDECLARED_SELECTOR = YES;
				GCC_WARN_UNINITIALIZED_AUTOS = YES_AGGRESSIVE;
				GCC_WARN_UNUSED_FUNCTION = YES;
				GCC_WARN_UNUSED_VARIABLE = YES;
				IPHONEOS_DEPLOYMENT_TARGET = 12.2;
				MTL_ENABLE_DEBUG_INFO = INCLUDE_SOURCE;
				MTL_FAST_MATH = YES;
				ONLY_ACTIVE_ARCH = YES;
				SDKROOT = iphoneos;
				SWIFT_ACTIVE_COMPILATION_CONDITIONS = DEBUG;
				SWIFT_OPTIMIZATION_LEVEL = "-Onone";
			};
			name = Debug;
		};
		F8014B9522DDC58B0066D493 /* Release */ = {
			isa = XCBuildConfiguration;
			buildSettings = {
				ALWAYS_SEARCH_USER_PATHS = NO;
				CLANG_ANALYZER_NONNULL = YES;
				CLANG_ANALYZER_NUMBER_OBJECT_CONVERSION = YES_AGGRESSIVE;
				CLANG_CXX_LANGUAGE_STANDARD = "gnu++14";
				CLANG_CXX_LIBRARY = "libc++";
				CLANG_ENABLE_MODULES = YES;
				CLANG_ENABLE_OBJC_ARC = YES;
				CLANG_ENABLE_OBJC_WEAK = YES;
				CLANG_WARN_BLOCK_CAPTURE_AUTORELEASING = YES;
				CLANG_WARN_BOOL_CONVERSION = YES;
				CLANG_WARN_COMMA = YES;
				CLANG_WARN_CONSTANT_CONVERSION = YES;
				CLANG_WARN_DEPRECATED_OBJC_IMPLEMENTATIONS = YES;
				CLANG_WARN_DIRECT_OBJC_ISA_USAGE = YES_ERROR;
				CLANG_WARN_DOCUMENTATION_COMMENTS = YES;
				CLANG_WARN_EMPTY_BODY = YES;
				CLANG_WARN_ENUM_CONVERSION = YES;
				CLANG_WARN_INFINITE_RECURSION = YES;
				CLANG_WARN_INT_CONVERSION = YES;
				CLANG_WARN_NON_LITERAL_NULL_CONVERSION = YES;
				CLANG_WARN_OBJC_IMPLICIT_RETAIN_SELF = YES;
				CLANG_WARN_OBJC_LITERAL_CONVERSION = YES;
				CLANG_WARN_OBJC_ROOT_CLASS = YES_ERROR;
				CLANG_WARN_RANGE_LOOP_ANALYSIS = YES;
				CLANG_WARN_STRICT_PROTOTYPES = YES;
				CLANG_WARN_SUSPICIOUS_MOVE = YES;
				CLANG_WARN_UNGUARDED_AVAILABILITY = YES_AGGRESSIVE;
				CLANG_WARN_UNREACHABLE_CODE = YES;
				CLANG_WARN__DUPLICATE_METHOD_MATCH = YES;
				CODE_SIGN_IDENTITY = "iPhone Developer";
				COPY_PHASE_STRIP = NO;
				DEBUG_INFORMATION_FORMAT = "dwarf-with-dsym";
				ENABLE_NS_ASSERTIONS = NO;
				ENABLE_STRICT_OBJC_MSGSEND = YES;
				GCC_C_LANGUAGE_STANDARD = gnu11;
				GCC_NO_COMMON_BLOCKS = YES;
				GCC_WARN_64_TO_32_BIT_CONVERSION = YES;
				GCC_WARN_ABOUT_RETURN_TYPE = YES_ERROR;
				GCC_WARN_UNDECLARED_SELECTOR = YES;
				GCC_WARN_UNINITIALIZED_AUTOS = YES_AGGRESSIVE;
				GCC_WARN_UNUSED_FUNCTION = YES;
				GCC_WARN_UNUSED_VARIABLE = YES;
				IPHONEOS_DEPLOYMENT_TARGET = 12.2;
				MTL_ENABLE_DEBUG_INFO = NO;
				MTL_FAST_MATH = YES;
				SDKROOT = iphoneos;
				SWIFT_COMPILATION_MODE = wholemodule;
				SWIFT_OPTIMIZATION_LEVEL = "-O";
				VALIDATE_PRODUCT = YES;
			};
			name = Release;
		};
		F8014B9722DDC58B0066D493 /* Debug */ = {
			isa = XCBuildConfiguration;
			buildSettings = {
				ASSETCATALOG_COMPILER_APPICON_NAME = AppIcon;
				CODE_SIGN_STYLE = Automatic;
				INFOPLIST_FILE = TodoList/Info.plist;
				LD_RUNPATH_SEARCH_PATHS = (
					"$(inherited)",
					"@executable_path/Frameworks",
				);
				PRODUCT_BUNDLE_IDENTIFIER = com.usamanasar.TodoList;
				PRODUCT_NAME = "$(TARGET_NAME)";
				SWIFT_VERSION = 5.0;
				TARGETED_DEVICE_FAMILY = "1,2";
			};
			name = Debug;
		};
		F8014B9822DDC58B0066D493 /* Release */ = {
			isa = XCBuildConfiguration;
			buildSettings = {
				ASSETCATALOG_COMPILER_APPICON_NAME = AppIcon;
				CODE_SIGN_STYLE = Automatic;
				INFOPLIST_FILE = TodoList/Info.plist;
				LD_RUNPATH_SEARCH_PATHS = (
					"$(inherited)",
					"@executable_path/Frameworks",
				);
				PRODUCT_BUNDLE_IDENTIFIER = com.usamanasar.TodoList;
				PRODUCT_NAME = "$(TARGET_NAME)";
				SWIFT_VERSION = 5.0;
				TARGETED_DEVICE_FAMILY = "1,2";
			};
			name = Release;
		};
		F8014B9A22DDC58B0066D493 /* Debug */ = {
			isa = XCBuildConfiguration;
			buildSettings = {
				ALWAYS_EMBED_SWIFT_STANDARD_LIBRARIES = YES;
				BUNDLE_LOADER = "$(TEST_HOST)";
				CODE_SIGN_STYLE = Automatic;
				INFOPLIST_FILE = TodoListTests/Info.plist;
				LD_RUNPATH_SEARCH_PATHS = (
					"$(inherited)",
					"@executable_path/Frameworks",
					"@loader_path/Frameworks",
				);
				PRODUCT_BUNDLE_IDENTIFIER = com.usamanasar.TodoListTests;
				PRODUCT_NAME = "$(TARGET_NAME)";
				SWIFT_VERSION = 5.0;
				TARGETED_DEVICE_FAMILY = "1,2";
				TEST_HOST = "$(BUILT_PRODUCTS_DIR)/TodoList.app/TodoList";
			};
			name = Debug;
		};
		F8014B9B22DDC58B0066D493 /* Release */ = {
			isa = XCBuildConfiguration;
			buildSettings = {
				ALWAYS_EMBED_SWIFT_STANDARD_LIBRARIES = YES;
				BUNDLE_LOADER = "$(TEST_HOST)";
				CODE_SIGN_STYLE = Automatic;
				INFOPLIST_FILE = TodoListTests/Info.plist;
				LD_RUNPATH_SEARCH_PATHS = (
					"$(inherited)",
					"@executable_path/Frameworks",
					"@loader_path/Frameworks",
				);
				PRODUCT_BUNDLE_IDENTIFIER = com.usamanasar.TodoListTests;
				PRODUCT_NAME = "$(TARGET_NAME)";
				SWIFT_VERSION = 5.0;
				TARGETED_DEVICE_FAMILY = "1,2";
				TEST_HOST = "$(BUILT_PRODUCTS_DIR)/TodoList.app/TodoList";
			};
			name = Release;
		};
		F8014B9D22DDC58B0066D493 /* Debug */ = {
			isa = XCBuildConfiguration;
			buildSettings = {
				ALWAYS_EMBED_SWIFT_STANDARD_LIBRARIES = YES;
				CODE_SIGN_STYLE = Automatic;
				INFOPLIST_FILE = TodoListUITests/Info.plist;
				LD_RUNPATH_SEARCH_PATHS = (
					"$(inherited)",
					"@executable_path/Frameworks",
					"@loader_path/Frameworks",
				);
				PRODUCT_BUNDLE_IDENTIFIER = com.usamanasar.TodoListUITests;
				PRODUCT_NAME = "$(TARGET_NAME)";
				SWIFT_VERSION = 5.0;
				TARGETED_DEVICE_FAMILY = "1,2";
				TEST_TARGET_NAME = TodoList;
			};
			name = Debug;
		};
		F8014B9E22DDC58B0066D493 /* Release */ = {
			isa = XCBuildConfiguration;
			buildSettings = {
				ALWAYS_EMBED_SWIFT_STANDARD_LIBRARIES = YES;
				CODE_SIGN_STYLE = Automatic;
				INFOPLIST_FILE = TodoListUITests/Info.plist;
				LD_RUNPATH_SEARCH_PATHS = (
					"$(inherited)",
					"@executable_path/Frameworks",
					"@loader_path/Frameworks",
				);
				PRODUCT_BUNDLE_IDENTIFIER = com.usamanasar.TodoListUITests;
				PRODUCT_NAME = "$(TARGET_NAME)";
				SWIFT_VERSION = 5.0;
				TARGETED_DEVICE_FAMILY = "1,2";
				TEST_TARGET_NAME = TodoList;
			};
			name = Release;
		};
/* End XCBuildConfiguration section */

/* Begin XCConfigurationList section */
		F8014B6922DDC5890066D493 /* Build configuration list for PBXProject "TodoList" */ = {
			isa = XCConfigurationList;
			buildConfigurations = (
				F8014B9422DDC58B0066D493 /* Debug */,
				F8014B9522DDC58B0066D493 /* Release */,
			);
			defaultConfigurationIsVisible = 0;
			defaultConfigurationName = Release;
		};
		F8014B9622DDC58B0066D493 /* Build configuration list for PBXNativeTarget "TodoList" */ = {
			isa = XCConfigurationList;
			buildConfigurations = (
				F8014B9722DDC58B0066D493 /* Debug */,
				F8014B9822DDC58B0066D493 /* Release */,
			);
			defaultConfigurationIsVisible = 0;
			defaultConfigurationName = Release;
		};
		F8014B9922DDC58B0066D493 /* Build configuration list for PBXNativeTarget "TodoListTests" */ = {
			isa = XCConfigurationList;
			buildConfigurations = (
				F8014B9A22DDC58B0066D493 /* Debug */,
				F8014B9B22DDC58B0066D493 /* Release */,
			);
			defaultConfigurationIsVisible = 0;
			defaultConfigurationName = Release;
		};
		F8014B9C22DDC58B0066D493 /* Build configuration list for PBXNativeTarget "TodoListUITests" */ = {
			isa = XCConfigurationList;
			buildConfigurations = (
				F8014B9D22DDC58B0066D493 /* Debug */,
				F8014B9E22DDC58B0066D493 /* Release */,
			);
			defaultConfigurationIsVisible = 0;
			defaultConfigurationName = Release;
		};
/* End XCConfigurationList section */
	};
	rootObject = F8014B6622DDC5890066D493 /* Project object */;
}
